
Microsoft Visual Studio Solution File, Format Version 12.00
# Visual Studio Version 16
VisualStudioVersion = 25.0.1705.3
MinimumVisualStudioVersion = 10.0.40219.1
Project("{FAE04EC0-301F-11D3-BF4B-00C04F79EFBC}") = "HelloRestClient", "HelloRestClient.csproj", "{8D4BC465-39B8-45F9-B6A5-36A5D0BBD666}"
EndProject
Global
	GlobalSection(SolutionConfigurationPlatforms) = preSolution
		Debug|Any CPU = Debug|Any CPU
		Release|Any CPU = Release|Any CPU
	EndGlobalSection
	GlobalSection(ProjectConfigurationPlatforms) = postSolution
		{8D4BC465-39B8-45F9-B6A5-36A5D0BBD666}.Debug|Any CPU.ActiveCfg = Debug|Any CPU
		{8D4BC465-39B8-45F9-B6A5-36A5D0BBD666}.Debug|Any CPU.Build.0 = Debug|Any CPU
		{8D4BC465-39B8-45F9-B6A5-36A5D0BBD666}.Release|Any CPU.ActiveCfg = Release|Any CPU
		{8D4BC465-39B8-45F9-B6A5-36A5D0BBD666}.Release|Any CPU.Build.0 = Release|Any CPU
	EndGlobalSection
	GlobalSection(SolutionProperties) = preSolution
		HideSolutionNode = FALSE
	EndGlobalSection
	GlobalSection(ExtensibilityGlobals) = postSolution
		SolutionGuid = {346FD28B-DED8-4A54-B414-B66A4A11297E}
	EndGlobalSection
EndGlobal
